
Microsoft Visual Studio Solution File, Format Version 12.00
# Visual Studio Version 17
VisualStudioVersion = 17.14.36408.4
MinimumVisualStudioVersion = 10.0.40219.1
Project("{8BC9CEB8-8B4A-11D0-8D11-00A0C91BC942}") = "Agentie_de_Voiaj_Server", "Agentie_de_Voiaj_Server\Agentie_de_Voiaj_Server.vcxproj", "{97956EF9-1585-4FAD-8934-B77CFAF2FC1A}"
EndProject
Project("{8BC9CEB8-8B4A-11D0-8D11-00A0C91BC942}") = "Agentie_de_Voiaj_Client", "Agentie_de_Voiaj_Client\Agentie_de_Voiaj_Client.vcxproj", "{8164A728-F253-4ED7-A93F-DC2CE15A5693}"
EndProject
Global
	GlobalSection(SolutionConfigurationPlatforms) = preSolution
		Debug|x64 = Debug|x64
		Release|x64 = Release|x64
	EndGlobalSection
	GlobalSection(ProjectConfigurationPlatforms) = postSolution
		{97956EF9-1585-4FAD-8934-B77CFAF2FC1A}.Debug|x64.ActiveCfg = Debug|x64
		{97956EF9-1585-4FAD-8934-B77CFAF2FC1A}.Debug|x64.Build.0 = Debug|x64
		{97956EF9-1585-4FAD-8934-B77CFAF2FC1A}.Release|x64.ActiveCfg = Release|x64
		{97956EF9-1585-4FAD-8934-B77CFAF2FC1A}.Release|x64.Build.0 = Release|x64
		{8164A728-F253-4ED7-A93F-DC2CE15A5693}.Debug|x64.ActiveCfg = Debug|x64
		{8164A728-F253-4ED7-A93F-DC2CE15A5693}.Debug|x64.Build.0 = Debug|x64
		{8164A728-F253-4ED7-A93F-DC2CE15A5693}.Release|x64.ActiveCfg = Release|x64
		{8164A728-F253-4ED7-A93F-DC2CE15A5693}.Release|x64.Build.0 = Release|x64
	EndGlobalSection
	GlobalSection(SolutionProperties) = preSolution
		HideSolutionNode = FALSE
	EndGlobalSection
	GlobalSection(ExtensibilityGlobals) = postSolution
		SolutionGuid = {78EA7277-BC5F-4BC8-ADD4-CC08D41D3C71}
	EndGlobalSection
EndGlobal
