<?xml version="1.0" encoding="utf-8"?>
<Project ToolsVersion="4.0" xmlns="http://schemas.microsoft.com/developer/msbuild/2003">
  <ItemGroup>
    <ClCompile Include="main.cpp" />
    <ClCompile Include="Main_Window.cpp" />
  </ItemGroup>
  <ItemGroup>
    <Image Include="Agentie_de_Voiaj_Client.ico" />
  </ItemGroup>
  <ItemGroup>
    <ResourceCompile Include="Agentie_de_Voiaj_Client.rc" />
  </ItemGroup>
  <ItemGroup>
    <QtRcc Include="Main_Window.qrc" />
  </ItemGroup>
  <ItemGroup>
    <QtUic Include="Main_Window.ui" />
  </ItemGroup>
  <ItemGroup>
    <QtMoc Include="Main_Window.h" />
  </ItemGroup>
</Project>